// !$*UTF8*$!
{
	archiveVersion = 1;
	classes = {
	};
	objectVersion = 50;
	objects = {

/* Begin PBXBuildFile section */
		33072DAC224197EF007577AB /* Util.swift in Sources */ = {isa = PBXBuildFile; fileRef = 33072DAB224197EF007577AB /* Util.swift */; };
		335CCA3322371A38002DFE18 /* AppDelegate.swift in Sources */ = {isa = PBXBuildFile; fileRef = 335CCA3222371A38002DFE18 /* AppDelegate.swift */; };
		335CCA3522371A38002DFE18 /* ViewController.swift in Sources */ = {isa = PBXBuildFile; fileRef = 335CCA3422371A38002DFE18 /* ViewController.swift */; };
		335CCA3822371A38002DFE18 /* Main.storyboard in Resources */ = {isa = PBXBuildFile; fileRef = 335CCA3622371A38002DFE18 /* Main.storyboard */; };
		335CCA3A22371A3A002DFE18 /* Assets.xcassets in Resources */ = {isa = PBXBuildFile; fileRef = 335CCA3922371A3A002DFE18 /* Assets.xcassets */; };
		335CCA3D22371A3A002DFE18 /* LaunchScreen.storyboard in Resources */ = {isa = PBXBuildFile; fileRef = 335CCA3B22371A3A002DFE18 /* LaunchScreen.storyboard */; };
		335CCA4822371A3A002DFE18 /* GuVocabularyTests.swift in Sources */ = {isa = PBXBuildFile; fileRef = 335CCA4722371A3A002DFE18 /* GuVocabularyTests.swift */; };
		335CCA5322371A3A002DFE18 /* GuVocabularyUITests.swift in Sources */ = {isa = PBXBuildFile; fileRef = 335CCA5222371A3A002DFE18 /* GuVocabularyUITests.swift */; };
		335CCA6122371A91002DFE18 /* CellTableViewCell.swift in Sources */ = {isa = PBXBuildFile; fileRef = 335CCA6022371A91002DFE18 /* CellTableViewCell.swift */; };
		335CCA6322371B60002DFE18 /* DetailViewController.swift in Sources */ = {isa = PBXBuildFile; fileRef = 335CCA6222371B60002DFE18 /* DetailViewController.swift */; };
		335CCA6922371CDD002DFE18 /* AVFoundation.framework in Frameworks */ = {isa = PBXBuildFile; fileRef = 335CCA6822371CDD002DFE18 /* AVFoundation.framework */; };
		335CCA6D22371D16002DFE18 /* baiyifei.m4a in Resources */ = {isa = PBXBuildFile; fileRef = 335CCA6A22371D16002DFE18 /* baiyifei.m4a */; };
		335CCA6E22371D16002DFE18 /* iloveu.m4a in Resources */ = {isa = PBXBuildFile; fileRef = 335CCA6B22371D16002DFE18 /* iloveu.m4a */; };
		335CCA6F22371D16002DFE18 /* test.m4a in Resources */ = {isa = PBXBuildFile; fileRef = 335CCA6C22371D16002DFE18 /* test.m4a */; };
		335CCA7322372111002DFE18 /* DataController.swift in Sources */ = {isa = PBXBuildFile; fileRef = 335CCA7222372111002DFE18 /* DataController.swift */; };
		33C77F7322430E4C00D494DD /* VocSentenceViewController.swift in Sources */ = {isa = PBXBuildFile; fileRef = 33C77F7222430E4C00D494DD /* VocSentenceViewController.swift */; };
		685ECA542240772E00DFD658 /* PopUpViewController.swift in Sources */ = {isa = PBXBuildFile; fileRef = 685ECA532240772E00DFD658 /* PopUpViewController.swift */; };
		68A5572922431B0700245E3B /* SentenPracViewController.swift in Sources */ = {isa = PBXBuildFile; fileRef = 68A5572822431B0700245E3B /* SentenPracViewController.swift */; };
		68A55733224757A700245E3B /* 出租车.m4a in Resources */ = {isa = PBXBuildFile; fileRef = 68A55732224757A700245E3B /* 出租车.m4a */; };
		68A557382247583300245E3B /* 打电话.m4a in Resources */ = {isa = PBXBuildFile; fileRef = 68A557352247583300245E3B /* 打电话.m4a */; };
		68A557392247583300245E3B /* 点.m4a in Resources */ = {isa = PBXBuildFile; fileRef = 68A557362247583300245E3B /* 点.m4a */; };
		68A5573B2247588800245E3B /* 大.m4a in Resources */ = {isa = PBXBuildFile; fileRef = 68A5573A2247588800245E3B /* 大.m4a */; };
		68A5573D224759A700245E3B /* 的.m4a in Resources */ = {isa = PBXBuildFile; fileRef = 68A5573C224759A700245E3B /* 的.m4a */; };
		68CE31B0224B3A0C00A32E2A /* FZZJ-CZXKJW.TTF in Resources */ = {isa = PBXBuildFile; fileRef = 68CE31AF224B3A0C00A32E2A /* FZZJ-CZXKJW.TTF */; };
		68CE31B4224C15BF00A32E2A /* ManuTableViewController.swift in Sources */ = {isa = PBXBuildFile; fileRef = 68CE31B3224C15BF00A32E2A /* ManuTableViewController.swift */; };
		68E1240422373F0000A19C1B /* VocPracticeController.swift in Sources */ = {isa = PBXBuildFile; fileRef = 68E1240322373F0000A19C1B /* VocPracticeController.swift */; };
/* End PBXBuildFile section */

/* Begin PBXContainerItemProxy section */
		335CCA4422371A3A002DFE18 /* PBXContainerItemProxy */ = {
			isa = PBXContainerItemProxy;
			containerPortal = 335CCA2722371A38002DFE18 /* Project object */;
			proxyType = 1;
			remoteGlobalIDString = 335CCA2E22371A38002DFE18;
			remoteInfo = GuVocabulary;
		};
		335CCA4F22371A3A002DFE18 /* PBXContainerItemProxy */ = {
			isa = PBXContainerItemProxy;
			containerPortal = 335CCA2722371A38002DFE18 /* Project object */;
			proxyType = 1;
			remoteGlobalIDString = 335CCA2E22371A38002DFE18;
			remoteInfo = GuVocabulary;
		};
/* End PBXContainerItemProxy section */

/* Begin PBXFileReference section */
		33072DAB224197EF007577AB /* Util.swift */ = {isa = PBXFileReference; lastKnownFileType = sourcecode.swift; path = Util.swift; sourceTree = "<group>"; };
		335CCA2F22371A38002DFE18 /* GuVocabulary.app */ = {isa = PBXFileReference; explicitFileType = wrapper.application; includeInIndex = 0; path = GuVocabulary.app; sourceTree = BUILT_PRODUCTS_DIR; };
		335CCA3222371A38002DFE18 /* AppDelegate.swift */ = {isa = PBXFileReference; lastKnownFileType = sourcecode.swift; path = AppDelegate.swift; sourceTree = "<group>"; };
		335CCA3422371A38002DFE18 /* ViewController.swift */ = {isa = PBXFileReference; lastKnownFileType = sourcecode.swift; path = ViewController.swift; sourceTree = "<group>"; };
		335CCA3722371A38002DFE18 /* Base */ = {isa = PBXFileReference; lastKnownFileType = file.storyboard; name = Base; path = Base.lproj/Main.storyboard; sourceTree = "<group>"; };
		335CCA3922371A3A002DFE18 /* Assets.xcassets */ = {isa = PBXFileReference; lastKnownFileType = folder.assetcatalog; path = Assets.xcassets; sourceTree = "<group>"; };
		335CCA3C22371A3A002DFE18 /* Base */ = {isa = PBXFileReference; lastKnownFileType = file.storyboard; name = Base; path = Base.lproj/LaunchScreen.storyboard; sourceTree = "<group>"; };
		335CCA3E22371A3A002DFE18 /* Info.plist */ = {isa = PBXFileReference; lastKnownFileType = text.plist.xml; path = Info.plist; sourceTree = "<group>"; };
		335CCA4322371A3A002DFE18 /* GuVocabularyTests.xctest */ = {isa = PBXFileReference; explicitFileType = wrapper.cfbundle; includeInIndex = 0; path = GuVocabularyTests.xctest; sourceTree = BUILT_PRODUCTS_DIR; };
		335CCA4722371A3A002DFE18 /* GuVocabularyTests.swift */ = {isa = PBXFileReference; lastKnownFileType = sourcecode.swift; path = GuVocabularyTests.swift; sourceTree = "<group>"; };
		335CCA4922371A3A002DFE18 /* Info.plist */ = {isa = PBXFileReference; lastKnownFileType = text.plist.xml; path = Info.plist; sourceTree = "<group>"; };
		335CCA4E22371A3A002DFE18 /* GuVocabularyUITests.xctest */ = {isa = PBXFileReference; explicitFileType = wrapper.cfbundle; includeInIndex = 0; path = GuVocabularyUITests.xctest; sourceTree = BUILT_PRODUCTS_DIR; };
		335CCA5222371A3A002DFE18 /* GuVocabularyUITests.swift */ = {isa = PBXFileReference; lastKnownFileType = sourcecode.swift; path = GuVocabularyUITests.swift; sourceTree = "<group>"; };
		335CCA5422371A3A002DFE18 /* Info.plist */ = {isa = PBXFileReference; lastKnownFileType = text.plist.xml; path = Info.plist; sourceTree = "<group>"; };
		335CCA6022371A91002DFE18 /* CellTableViewCell.swift */ = {isa = PBXFileReference; lastKnownFileType = sourcecode.swift; path = CellTableViewCell.swift; sourceTree = "<group>"; };
		335CCA6222371B60002DFE18 /* DetailViewController.swift */ = {isa = PBXFileReference; lastKnownFileType = sourcecode.swift; path = DetailViewController.swift; sourceTree = "<group>"; };
		335CCA6822371CDD002DFE18 /* AVFoundation.framework */ = {isa = PBXFileReference; lastKnownFileType = wrapper.framework; name = AVFoundation.framework; path = System/Library/Frameworks/AVFoundation.framework; sourceTree = SDKROOT; };
		335CCA6A22371D16002DFE18 /* baiyifei.m4a */ = {isa = PBXFileReference; lastKnownFileType = file; name = baiyifei.m4a; path = Audio/baiyifei.m4a; sourceTree = SOURCE_ROOT; };
		335CCA6B22371D16002DFE18 /* iloveu.m4a */ = {isa = PBXFileReference; lastKnownFileType = file; name = iloveu.m4a; path = Audio/iloveu.m4a; sourceTree = SOURCE_ROOT; };
		335CCA6C22371D16002DFE18 /* test.m4a */ = {isa = PBXFileReference; lastKnownFileType = file; name = test.m4a; path = Audio/test.m4a; sourceTree = SOURCE_ROOT; };
		335CCA7222372111002DFE18 /* DataController.swift */ = {isa = PBXFileReference; lastKnownFileType = sourcecode.swift; path = DataController.swift; sourceTree = "<group>"; };
		33C77F7222430E4C00D494DD /* VocSentenceViewController.swift */ = {isa = PBXFileReference; lastKnownFileType = sourcecode.swift; path = VocSentenceViewController.swift; sourceTree = "<group>"; };
		685ECA532240772E00DFD658 /* PopUpViewController.swift */ = {isa = PBXFileReference; lastKnownFileType = sourcecode.swift; path = PopUpViewController.swift; sourceTree = "<group>"; };
		68A5572822431B0700245E3B /* SentenPracViewController.swift */ = {isa = PBXFileReference; lastKnownFileType = sourcecode.swift; path = SentenPracViewController.swift; sourceTree = "<group>"; };
		68A55732224757A700245E3B /* 出租车.m4a */ = {isa = PBXFileReference; lastKnownFileType = file; name = "出租车.m4a"; path = "Audio/出租车.m4a"; sourceTree = SOURCE_ROOT; };
		68A557352247583300245E3B /* 打电话.m4a */ = {isa = PBXFileReference; lastKnownFileType = file; name = "打电话.m4a"; path = "Audio/打电话.m4a"; sourceTree = SOURCE_ROOT; };
		68A557362247583300245E3B /* 点.m4a */ = {isa = PBXFileReference; lastKnownFileType = file; name = "点.m4a"; path = "Audio/点.m4a"; sourceTree = SOURCE_ROOT; };
		68A5573A2247588800245E3B /* 大.m4a */ = {isa = PBXFileReference; lastKnownFileType = file; name = "大.m4a"; path = "Audio/大.m4a"; sourceTree = SOURCE_ROOT; };
		68A5573C224759A700245E3B /* 的.m4a */ = {isa = PBXFileReference; lastKnownFileType = file; name = "的.m4a"; path = "Audio/的.m4a"; sourceTree = SOURCE_ROOT; };
		68CE31AF224B3A0C00A32E2A /* FZZJ-CZXKJW.TTF */ = {isa = PBXFileReference; lastKnownFileType = file; name = "FZZJ-CZXKJW.TTF"; path = "../../../../Downloads/FZZJ-CZXKJW.TTF"; sourceTree = "<group>"; };
		68CE31B3224C15BF00A32E2A /* ManuTableViewController.swift */ = {isa = PBXFileReference; lastKnownFileType = sourcecode.swift; path = ManuTableViewController.swift; sourceTree = "<group>"; };
		68E1240322373F0000A19C1B /* VocPracticeController.swift */ = {isa = PBXFileReference; lastKnownFileType = sourcecode.swift; path = VocPracticeController.swift; sourceTree = "<group>"; };
/* End PBXFileReference section */

/* Begin PBXFrameworksBuildPhase section */
		335CCA2C22371A38002DFE18 /* Frameworks */ = {
			isa = PBXFrameworksBuildPhase;
			buildActionMask = 2147483647;
			files = (
				335CCA6922371CDD002DFE18 /* AVFoundation.framework in Frameworks */,
			);
			runOnlyForDeploymentPostprocessing = 0;
		};
		335CCA4022371A3A002DFE18 /* Frameworks */ = {
			isa = PBXFrameworksBuildPhase;
			buildActionMask = 2147483647;
			files = (
			);
			runOnlyForDeploymentPostprocessing = 0;
		};
		335CCA4B22371A3A002DFE18 /* Frameworks */ = {
			isa = PBXFrameworksBuildPhase;
			buildActionMask = 2147483647;
			files = (
			);
			runOnlyForDeploymentPostprocessing = 0;
		};
/* End PBXFrameworksBuildPhase section */

/* Begin PBXGroup section */
		335CCA2622371A38002DFE18 = {
			isa = PBXGroup;
			children = (
				335CCA3122371A38002DFE18 /* GuVocabulary */,
				335CCA4622371A3A002DFE18 /* GuVocabularyTests */,
				335CCA5122371A3A002DFE18 /* GuVocabularyUITests */,
				335CCA3022371A38002DFE18 /* Products */,
				335CCA6722371CDD002DFE18 /* Frameworks */,
			);
			sourceTree = "<group>";
		};
		335CCA3022371A38002DFE18 /* Products */ = {
			isa = PBXGroup;
			children = (
				335CCA2F22371A38002DFE18 /* GuVocabulary.app */,
				335CCA4322371A3A002DFE18 /* GuVocabularyTests.xctest */,
				335CCA4E22371A3A002DFE18 /* GuVocabularyUITests.xctest */,
			);
			name = Products;
			sourceTree = "<group>";
		};
		335CCA3122371A38002DFE18 /* GuVocabulary */ = {
			isa = PBXGroup;
			children = (
				68CE31AF224B3A0C00A32E2A /* FZZJ-CZXKJW.TTF */,
				68A5573C224759A700245E3B /* 的.m4a */,
				68A5573A2247588800245E3B /* 大.m4a */,
				68A557352247583300245E3B /* 打电话.m4a */,
				68A557362247583300245E3B /* 点.m4a */,
				68A55732224757A700245E3B /* 出租车.m4a */,
				33C77F7222430E4C00D494DD /* VocSentenceViewController.swift */,
				335CCA6A22371D16002DFE18 /* baiyifei.m4a */,
				335CCA6B22371D16002DFE18 /* iloveu.m4a */,
				335CCA6C22371D16002DFE18 /* test.m4a */,
				335CCA3222371A38002DFE18 /* AppDelegate.swift */,
				335CCA3422371A38002DFE18 /* ViewController.swift */,
				68CE31B3224C15BF00A32E2A /* ManuTableViewController.swift */,
				335CCA3622371A38002DFE18 /* Main.storyboard */,
				335CCA3922371A3A002DFE18 /* Assets.xcassets */,
				335CCA3B22371A3A002DFE18 /* LaunchScreen.storyboard */,
				335CCA3E22371A3A002DFE18 /* Info.plist */,
				335CCA6022371A91002DFE18 /* CellTableViewCell.swift */,
				335CCA6222371B60002DFE18 /* DetailViewController.swift */,
				335CCA7222372111002DFE18 /* DataController.swift */,
				68E1240322373F0000A19C1B /* VocPracticeController.swift */,
				685ECA532240772E00DFD658 /* PopUpViewController.swift */,
				33072DAB224197EF007577AB /* Util.swift */,
				68A5572822431B0700245E3B /* SentenPracViewController.swift */,
			);
			path = GuVocabulary;
			sourceTree = "<group>";
		};
		335CCA4622371A3A002DFE18 /* GuVocabularyTests */ = {
			isa = PBXGroup;
			children = (
				335CCA4722371A3A002DFE18 /* GuVocabularyTests.swift */,
				335CCA4922371A3A002DFE18 /* Info.plist */,
			);
			path = GuVocabularyTests;
			sourceTree = "<group>";
		};
		335CCA5122371A3A002DFE18 /* GuVocabularyUITests */ = {
			isa = PBXGroup;
			children = (
				335CCA5222371A3A002DFE18 /* GuVocabularyUITests.swift */,
				335CCA5422371A3A002DFE18 /* Info.plist */,
			);
			path = GuVocabularyUITests;
			sourceTree = "<group>";
		};
		335CCA6722371CDD002DFE18 /* Frameworks */ = {
			isa = PBXGroup;
			children = (
				335CCA6822371CDD002DFE18 /* AVFoundation.framework */,
			);
			name = Frameworks;
			sourceTree = "<group>";
		};
/* End PBXGroup section */

/* Begin PBXNativeTarget section */
		335CCA2E22371A38002DFE18 /* GuVocabulary */ = {
			isa = PBXNativeTarget;
			buildConfigurationList = 335CCA5722371A3A002DFE18 /* Build configuration list for PBXNativeTarget "GuVocabulary" */;
			buildPhases = (
				335CCA2B22371A38002DFE18 /* Sources */,
				335CCA2C22371A38002DFE18 /* Frameworks */,
				335CCA2D22371A38002DFE18 /* Resources */,
			);
			buildRules = (
			);
			dependencies = (
			);
			name = GuVocabulary;
			productName = GuVocabulary;
			productReference = 335CCA2F22371A38002DFE18 /* GuVocabulary.app */;
			productType = "com.apple.product-type.application";
		};
		335CCA4222371A3A002DFE18 /* GuVocabularyTests */ = {
			isa = PBXNativeTarget;
			buildConfigurationList = 335CCA5A22371A3A002DFE18 /* Build configuration list for PBXNativeTarget "GuVocabularyTests" */;
			buildPhases = (
				335CCA3F22371A3A002DFE18 /* Sources */,
				335CCA4022371A3A002DFE18 /* Frameworks */,
				335CCA4122371A3A002DFE18 /* Resources */,
			);
			buildRules = (
			);
			dependencies = (
				335CCA4522371A3A002DFE18 /* PBXTargetDependency */,
			);
			name = GuVocabularyTests;
			productName = GuVocabularyTests;
			productReference = 335CCA4322371A3A002DFE18 /* GuVocabularyTests.xctest */;
			productType = "com.apple.product-type.bundle.unit-test";
		};
		335CCA4D22371A3A002DFE18 /* GuVocabularyUITests */ = {
			isa = PBXNativeTarget;
			buildConfigurationList = 335CCA5D22371A3A002DFE18 /* Build configuration list for PBXNativeTarget "GuVocabularyUITests" */;
			buildPhases = (
				335CCA4A22371A3A002DFE18 /* Sources */,
				335CCA4B22371A3A002DFE18 /* Frameworks */,
				335CCA4C22371A3A002DFE18 /* Resources */,
			);
			buildRules = (
			);
			dependencies = (
				335CCA5022371A3A002DFE18 /* PBXTargetDependency */,
			);
			name = GuVocabularyUITests;
			productName = GuVocabularyUITests;
			productReference = 335CCA4E22371A3A002DFE18 /* GuVocabularyUITests.xctest */;
			productType = "com.apple.product-type.bundle.ui-testing";
		};
/* End PBXNativeTarget section */

/* Begin PBXProject section */
		335CCA2722371A38002DFE18 /* Project object */ = {
			isa = PBXProject;
			attributes = {
				LastSwiftUpdateCheck = 1010;
				LastUpgradeCheck = 1010;
				ORGANIZATIONNAME = xiongma;
				TargetAttributes = {
					335CCA2E22371A38002DFE18 = {
						CreatedOnToolsVersion = 10.1;
					};
					335CCA4222371A3A002DFE18 = {
						CreatedOnToolsVersion = 10.1;
						TestTargetID = 335CCA2E22371A38002DFE18;
					};
					335CCA4D22371A3A002DFE18 = {
						CreatedOnToolsVersion = 10.1;
						TestTargetID = 335CCA2E22371A38002DFE18;
					};
				};
			};
			buildConfigurationList = 335CCA2A22371A38002DFE18 /* Build configuration list for PBXProject "GuVocabulary" */;
			compatibilityVersion = "Xcode 9.3";
			developmentRegion = en;
			hasScannedForEncodings = 0;
			knownRegions = (
				en,
				Base,
			);
			mainGroup = 335CCA2622371A38002DFE18;
			productRefGroup = 335CCA3022371A38002DFE18 /* Products */;
			projectDirPath = "";
			projectRoot = "";
			targets = (
				335CCA2E22371A38002DFE18 /* GuVocabulary */,
				335CCA4222371A3A002DFE18 /* GuVocabularyTests */,
				335CCA4D22371A3A002DFE18 /* GuVocabularyUITests */,
			);
		};
/* End PBXProject section */

/* Begin PBXResourcesBuildPhase section */
		335CCA2D22371A38002DFE18 /* Resources */ = {
			isa = PBXResourcesBuildPhase;
			buildActionMask = 2147483647;
			files = (
				68A5573D224759A700245E3B /* 的.m4a in Resources */,
				68CE31B0224B3A0C00A32E2A /* FZZJ-CZXKJW.TTF in Resources */,
				68A55733224757A700245E3B /* 出租车.m4a in Resources */,
				335CCA3D22371A3A002DFE18 /* LaunchScreen.storyboard in Resources */,
				68A557392247583300245E3B /* 点.m4a in Resources */,
				335CCA3A22371A3A002DFE18 /* Assets.xcassets in Resources */,
				68A5573B2247588800245E3B /* 大.m4a in Resources */,
				335CCA6E22371D16002DFE18 /* iloveu.m4a in Resources */,
				335CCA6D22371D16002DFE18 /* baiyifei.m4a in Resources */,
				68A557382247583300245E3B /* 打电话.m4a in Resources */,
				335CCA6F22371D16002DFE18 /* test.m4a in Resources */,
				335CCA3822371A38002DFE18 /* Main.storyboard in Resources */,
			);
			runOnlyForDeploymentPostprocessing = 0;
		};
		335CCA4122371A3A002DFE18 /* Resources */ = {
			isa = PBXResourcesBuildPhase;
			buildActionMask = 2147483647;
			files = (
			);
			runOnlyForDeploymentPostprocessing = 0;
		};
		335CCA4C22371A3A002DFE18 /* Resources */ = {
			isa = PBXResourcesBuildPhase;
			buildActionMask = 2147483647;
			files = (
			);
			runOnlyForDeploymentPostprocessing = 0;
		};
/* End PBXResourcesBuildPhase section */

/* Begin PBXSourcesBuildPhase section */
		335CCA2B22371A38002DFE18 /* Sources */ = {
			isa = PBXSourcesBuildPhase;
			buildActionMask = 2147483647;
			files = (
				335CCA7322372111002DFE18 /* DataController.swift in Sources */,
				68E1240422373F0000A19C1B /* VocPracticeController.swift in Sources */,
				685ECA542240772E00DFD658 /* PopUpViewController.swift in Sources */,
				33C77F7322430E4C00D494DD /* VocSentenceViewController.swift in Sources */,
				33072DAC224197EF007577AB /* Util.swift in Sources */,
				68A5572922431B0700245E3B /* SentenPracViewController.swift in Sources */,
				335CCA6122371A91002DFE18 /* CellTableViewCell.swift in Sources */,
				68CE31B4224C15BF00A32E2A /* ManuTableViewController.swift in Sources */,
				335CCA3522371A38002DFE18 /* ViewController.swift in Sources */,
				335CCA3322371A38002DFE18 /* AppDelegate.swift in Sources */,
				335CCA6322371B60002DFE18 /* DetailViewController.swift in Sources */,
			);
			runOnlyForDeploymentPostprocessing = 0;
		};
		335CCA3F22371A3A002DFE18 /* Sources */ = {
			isa = PBXSourcesBuildPhase;
			buildActionMask = 2147483647;
			files = (
				335CCA4822371A3A002DFE18 /* GuVocabularyTests.swift in Sources */,
			);
			runOnlyForDeploymentPostprocessing = 0;
		};
		335CCA4A22371A3A002DFE18 /* Sources */ = {
			isa = PBXSourcesBuildPhase;
			buildActionMask = 2147483647;
			files = (
				335CCA5322371A3A002DFE18 /* GuVocabularyUITests.swift in Sources */,
			);
			runOnlyForDeploymentPostprocessing = 0;
		};
/* End PBXSourcesBuildPhase section */

/* Begin PBXTargetDependency section */
		335CCA4522371A3A002DFE18 /* PBXTargetDependency */ = {
			isa = PBXTargetDependency;
			target = 335CCA2E22371A38002DFE18 /* GuVocabulary */;
			targetProxy = 335CCA4422371A3A002DFE18 /* PBXContainerItemProxy */;
		};
		335CCA5022371A3A002DFE18 /* PBXTargetDependency */ = {
			isa = PBXTargetDependency;
			target = 335CCA2E22371A38002DFE18 /* GuVocabulary */;
			targetProxy = 335CCA4F22371A3A002DFE18 /* PBXContainerItemProxy */;
		};
/* End PBXTargetDependency section */

/* Begin PBXVariantGroup section */
		335CCA3622371A38002DFE18 /* Main.storyboard */ = {
			isa = PBXVariantGroup;
			children = (
				335CCA3722371A38002DFE18 /* Base */,
			);
			name = Main.storyboard;
			sourceTree = "<group>";
		};
		335CCA3B22371A3A002DFE18 /* LaunchScreen.storyboard */ = {
			isa = PBXVariantGroup;
			children = (
				335CCA3C22371A3A002DFE18 /* Base */,
			);
			name = LaunchScreen.storyboard;
			sourceTree = "<group>";
		};
/* End PBXVariantGroup section */

/* Begin XCBuildConfiguration section */
		335CCA5522371A3A002DFE18 /* Debug */ = {
			isa = XCBuildConfiguration;
			buildSettings = {
				ALWAYS_SEARCH_USER_PATHS = NO;
				CLANG_ANALYZER_NONNULL = YES;
				CLANG_ANALYZER_NUMBER_OBJECT_CONVERSION = YES_AGGRESSIVE;
				CLANG_CXX_LANGUAGE_STANDARD = "gnu++14";
				CLANG_CXX_LIBRARY = "libc++";
				CLANG_ENABLE_MODULES = YES;
				CLANG_ENABLE_OBJC_ARC = YES;
				CLANG_ENABLE_OBJC_WEAK = YES;
				CLANG_WARN_BLOCK_CAPTURE_AUTORELEASING = YES;
				CLANG_WARN_BOOL_CONVERSION = YES;
				CLANG_WARN_COMMA = YES;
				CLANG_WARN_CONSTANT_CONVERSION = YES;
				CLANG_WARN_DEPRECATED_OBJC_IMPLEMENTATIONS = YES;
				CLANG_WARN_DIRECT_OBJC_ISA_USAGE = YES_ERROR;
				CLANG_WARN_DOCUMENTATION_COMMENTS = YES;
				CLANG_WARN_EMPTY_BODY = YES;
				CLANG_WARN_ENUM_CONVERSION = YES;
				CLANG_WARN_INFINITE_RECURSION = YES;
				CLANG_WARN_INT_CONVERSION = YES;
				CLANG_WARN_NON_LITERAL_NULL_CONVERSION = YES;
				CLANG_WARN_OBJC_IMPLICIT_RETAIN_SELF = YES;
				CLANG_WARN_OBJC_LITERAL_CONVERSION = YES;
				CLANG_WARN_OBJC_ROOT_CLASS = YES_ERROR;
				CLANG_WARN_RANGE_LOOP_ANALYSIS = YES;
				CLANG_WARN_STRICT_PROTOTYPES = YES;
				CLANG_WARN_SUSPICIOUS_MOVE = YES;
				CLANG_WARN_UNGUARDED_AVAILABILITY = YES_AGGRESSIVE;
				CLANG_WARN_UNREACHABLE_CODE = YES;
				CLANG_WARN__DUPLICATE_METHOD_MATCH = YES;
				CODE_SIGN_IDENTITY = "iPhone Developer";
				COPY_PHASE_STRIP = NO;
				DEBUG_INFORMATION_FORMAT = dwarf;
				ENABLE_STRICT_OBJC_MSGSEND = YES;
				ENABLE_TESTABILITY = YES;
				GCC_C_LANGUAGE_STANDARD = gnu11;
				GCC_DYNAMIC_NO_PIC = NO;
				GCC_NO_COMMON_BLOCKS = YES;
				GCC_OPTIMIZATION_LEVEL = 0;
				GCC_PREPROCESSOR_DEFINITIONS = (
					"DEBUG=1",
					"$(inherited)",
				);
				GCC_WARN_64_TO_32_BIT_CONVERSION = YES;
				GCC_WARN_ABOUT_RETURN_TYPE = YES_ERROR;
				GCC_WARN_UNDECLARED_SELECTOR = YES;
				GCC_WARN_UNINITIALIZED_AUTOS = YES_AGGRESSIVE;
				GCC_WARN_UNUSED_FUNCTION = YES;
				GCC_WARN_UNUSED_VARIABLE = YES;
				IPHONEOS_DEPLOYMENT_TARGET = 12.1;
				MTL_ENABLE_DEBUG_INFO = INCLUDE_SOURCE;
				MTL_FAST_MATH = YES;
				ONLY_ACTIVE_ARCH = YES;
				SDKROOT = iphoneos;
				SWIFT_ACTIVE_COMPILATION_CONDITIONS = DEBUG;
				SWIFT_OPTIMIZATION_LEVEL = "-Onone";
			};
			name = Debug;
		};
		335CCA5622371A3A002DFE18 /* Release */ = {
			isa = XCBuildConfiguration;
			buildSettings = {
				ALWAYS_SEARCH_USER_PATHS = NO;
				CLANG_ANALYZER_NONNULL = YES;
				CLANG_ANALYZER_NUMBER_OBJECT_CONVERSION = YES_AGGRESSIVE;
				CLANG_CXX_LANGUAGE_STANDARD = "gnu++14";
				CLANG_CXX_LIBRARY = "libc++";
				CLANG_ENABLE_MODULES = YES;
				CLANG_ENABLE_OBJC_ARC = YES;
				CLANG_ENABLE_OBJC_WEAK = YES;
				CLANG_WARN_BLOCK_CAPTURE_AUTORELEASING = YES;
				CLANG_WARN_BOOL_CONVERSION = YES;
				CLANG_WARN_COMMA = YES;
				CLANG_WARN_CONSTANT_CONVERSION = YES;
				CLANG_WARN_DEPRECATED_OBJC_IMPLEMENTATIONS = YES;
				CLANG_WARN_DIRECT_OBJC_ISA_USAGE = YES_ERROR;
				CLANG_WARN_DOCUMENTATION_COMMENTS = YES;
				CLANG_WARN_EMPTY_BODY = YES;
				CLANG_WARN_ENUM_CONVERSION = YES;
				CLANG_WARN_INFINITE_RECURSION = YES;
				CLANG_WARN_INT_CONVERSION = YES;
				CLANG_WARN_NON_LITERAL_NULL_CONVERSION = YES;
				CLANG_WARN_OBJC_IMPLICIT_RETAIN_SELF = YES;
				CLANG_WARN_OBJC_LITERAL_CONVERSION = YES;
				CLANG_WARN_OBJC_ROOT_CLASS = YES_ERROR;
				CLANG_WARN_RANGE_LOOP_ANALYSIS = YES;
				CLANG_WARN_STRICT_PROTOTYPES = YES;
				CLANG_WARN_SUSPICIOUS_MOVE = YES;
				CLANG_WARN_UNGUARDED_AVAILABILITY = YES_AGGRESSIVE;
				CLANG_WARN_UNREACHABLE_CODE = YES;
				CLANG_WARN__DUPLICATE_METHOD_MATCH = YES;
				CODE_SIGN_IDENTITY = "iPhone Developer";
				COPY_PHASE_STRIP = NO;
				DEBUG_INFORMATION_FORMAT = "dwarf-with-dsym";
				ENABLE_NS_ASSERTIONS = NO;
				ENABLE_STRICT_OBJC_MSGSEND = YES;
				GCC_C_LANGUAGE_STANDARD = gnu11;
				GCC_NO_COMMON_BLOCKS = YES;
				GCC_WARN_64_TO_32_BIT_CONVERSION = YES;
				GCC_WARN_ABOUT_RETURN_TYPE = YES_ERROR;
				GCC_WARN_UNDECLARED_SELECTOR = YES;
				GCC_WARN_UNINITIALIZED_AUTOS = YES_AGGRESSIVE;
				GCC_WARN_UNUSED_FUNCTION = YES;
				GCC_WARN_UNUSED_VARIABLE = YES;
				IPHONEOS_DEPLOYMENT_TARGET = 12.1;
				MTL_ENABLE_DEBUG_INFO = NO;
				MTL_FAST_MATH = YES;
				SDKROOT = iphoneos;
				SWIFT_COMPILATION_MODE = wholemodule;
				SWIFT_OPTIMIZATION_LEVEL = "-O";
				VALIDATE_PRODUCT = YES;
			};
			name = Release;
		};
		335CCA5822371A3A002DFE18 /* Debug */ = {
			isa = XCBuildConfiguration;
			buildSettings = {
				ASSETCATALOG_COMPILER_APPICON_NAME = AppIcon;
				CODE_SIGN_STYLE = Automatic;
				DEVELOPMENT_TEAM = TN47NLVFYG;
				INFOPLIST_FILE = GuVocabulary/Info.plist;
				LD_RUNPATH_SEARCH_PATHS = (
					"$(inherited)",
					"@executable_path/Frameworks",
				);
				PRODUCT_BUNDLE_IDENTIFIER = xiongmaforvocabularybundle;
				PRODUCT_NAME = "$(TARGET_NAME)";
				SWIFT_VERSION = 4.2;
				TARGETED_DEVICE_FAMILY = "1,2";
			};
			name = Debug;
		};
		335CCA5922371A3A002DFE18 /* Release */ = {
			isa = XCBuildConfiguration;
			buildSettings = {
				ASSETCATALOG_COMPILER_APPICON_NAME = AppIcon;
				CODE_SIGN_STYLE = Automatic;
				DEVELOPMENT_TEAM = TN47NLVFYG;
				INFOPLIST_FILE = GuVocabulary/Info.plist;
				LD_RUNPATH_SEARCH_PATHS = (
					"$(inherited)",
					"@executable_path/Frameworks",
				);
				PRODUCT_BUNDLE_IDENTIFIER = xiongmaforvocabularybundle;
				PRODUCT_NAME = "$(TARGET_NAME)";
				SWIFT_VERSION = 4.2;
				TARGETED_DEVICE_FAMILY = "1,2";
			};
			name = Release;
		};
		335CCA5B22371A3A002DFE18 /* Debug */ = {
			isa = XCBuildConfiguration;
			buildSettings = {
				ALWAYS_EMBED_SWIFT_STANDARD_LIBRARIES = YES;
				BUNDLE_LOADER = "$(TEST_HOST)";
				CODE_SIGN_STYLE = Automatic;
				INFOPLIST_FILE = GuVocabularyTests/Info.plist;
				LD_RUNPATH_SEARCH_PATHS = (
					"$(inherited)",
					"@executable_path/Frameworks",
					"@loader_path/Frameworks",
				);
				PRODUCT_BUNDLE_IDENTIFIER = xiongma.GuVocabularyTests;
				PRODUCT_NAME = "$(TARGET_NAME)";
				SWIFT_VERSION = 4.2;
				TARGETED_DEVICE_FAMILY = "1,2";
				TEST_HOST = "$(BUILT_PRODUCTS_DIR)/GuVocabulary.app/GuVocabulary";
			};
			name = Debug;
		};
		335CCA5C22371A3A002DFE18 /* Release */ = {
			isa = XCBuildConfiguration;
			buildSettings = {
				ALWAYS_EMBED_SWIFT_STANDARD_LIBRARIES = YES;
				BUNDLE_LOADER = "$(TEST_HOST)";
				CODE_SIGN_STYLE = Automatic;
				INFOPLIST_FILE = GuVocabularyTests/Info.plist;
				LD_RUNPATH_SEARCH_PATHS = (
					"$(inherited)",
					"@executable_path/Frameworks",
					"@loader_path/Frameworks",
				);
				PRODUCT_BUNDLE_IDENTIFIER = xiongma.GuVocabularyTests;
				PRODUCT_NAME = "$(TARGET_NAME)";
				SWIFT_VERSION = 4.2;
				TARGETED_DEVICE_FAMILY = "1,2";
				TEST_HOST = "$(BUILT_PRODUCTS_DIR)/GuVocabulary.app/GuVocabulary";
			};
			name = Release;
		};
		335CCA5E22371A3A002DFE18 /* Debug */ = {
			isa = XCBuildConfiguration;
			buildSettings = {
				ALWAYS_EMBED_SWIFT_STANDARD_LIBRARIES = YES;
				CODE_SIGN_STYLE = Automatic;
				INFOPLIST_FILE = GuVocabularyUITests/Info.plist;
				LD_RUNPATH_SEARCH_PATHS = (
					"$(inherited)",
					"@executable_path/Frameworks",
					"@loader_path/Frameworks",
				);
				PRODUCT_BUNDLE_IDENTIFIER = xiongma.GuVocabularyUITests;
				PRODUCT_NAME = "$(TARGET_NAME)";
				SWIFT_VERSION = 4.2;
				TARGETED_DEVICE_FAMILY = "1,2";
				TEST_TARGET_NAME = GuVocabulary;
			};
			name = Debug;
		};
		335CCA5F22371A3A002DFE18 /* Release */ = {
			isa = XCBuildConfiguration;
			buildSettings = {
				ALWAYS_EMBED_SWIFT_STANDARD_LIBRARIES = YES;
				CODE_SIGN_STYLE = Automatic;
				INFOPLIST_FILE = GuVocabularyUITests/Info.plist;
				LD_RUNPATH_SEARCH_PATHS = (
					"$(inherited)",
					"@executable_path/Frameworks",
					"@loader_path/Frameworks",
				);
				PRODUCT_BUNDLE_IDENTIFIER = xiongma.GuVocabularyUITests;
				PRODUCT_NAME = "$(TARGET_NAME)";
				SWIFT_VERSION = 4.2;
				TARGETED_DEVICE_FAMILY = "1,2";
				TEST_TARGET_NAME = GuVocabulary;
			};
			name = Release;
		};
/* End XCBuildConfiguration section */

/* Begin XCConfigurationList section */
		335CCA2A22371A38002DFE18 /* Build configuration list for PBXProject "GuVocabulary" */ = {
			isa = XCConfigurationList;
			buildConfigurations = (
				335CCA5522371A3A002DFE18 /* Debug */,
				335CCA5622371A3A002DFE18 /* Release */,
			);
			defaultConfigurationIsVisible = 0;
			defaultConfigurationName = Release;
		};
		335CCA5722371A3A002DFE18 /* Build configuration list for PBXNativeTarget "GuVocabulary" */ = {
			isa = XCConfigurationList;
			buildConfigurations = (
				335CCA5822371A3A002DFE18 /* Debug */,
				335CCA5922371A3A002DFE18 /* Release */,
			);
			defaultConfigurationIsVisible = 0;
			defaultConfigurationName = Release;
		};
		335CCA5A22371A3A002DFE18 /* Build configuration list for PBXNativeTarget "GuVocabularyTests" */ = {
			isa = XCConfigurationList;
			buildConfigurations = (
				335CCA5B22371A3A002DFE18 /* Debug */,
				335CCA5C22371A3A002DFE18 /* Release */,
			);
			defaultConfigurationIsVisible = 0;
			defaultConfigurationName = Release;
		};
		335CCA5D22371A3A002DFE18 /* Build configuration list for PBXNativeTarget "GuVocabularyUITests" */ = {
			isa = XCConfigurationList;
			buildConfigurations = (
				335CCA5E22371A3A002DFE18 /* Debug */,
				335CCA5F22371A3A002DFE18 /* Release */,
			);
			defaultConfigurationIsVisible = 0;
			defaultConfigurationName = Release;
		};
/* End XCConfigurationList section */
	};
	rootObject = 335CCA2722371A38002DFE18 /* Project object */;
}
